// !$*UTF8*$!
{
	archiveVersion = 1;
	classes = {
	};
	objectVersion = 50;
	objects = {

/* Begin PBXBuildFile section */
		6686A3FA24C0F2EB00C2007E /* AppDelegate.swift in Sources */ = {isa = PBXBuildFile; fileRef = 6686A3F924C0F2EB00C2007E /* AppDelegate.swift */; };
		6686A3FC24C0F2EB00C2007E /* SceneDelegate.swift in Sources */ = {isa = PBXBuildFile; fileRef = 6686A3FB24C0F2EB00C2007E /* SceneDelegate.swift */; };
		6686A3FE24C0F2EB00C2007E /* ViewController.swift in Sources */ = {isa = PBXBuildFile; fileRef = 6686A3FD24C0F2EB00C2007E /* ViewController.swift */; };
		6686A40124C0F2EB00C2007E /* Main.storyboard in Resources */ = {isa = PBXBuildFile; fileRef = 6686A3FF24C0F2EB00C2007E /* Main.storyboard */; };
		6686A40324C0F2EC00C2007E /* Assets.xcassets in Resources */ = {isa = PBXBuildFile; fileRef = 6686A40224C0F2EC00C2007E /* Assets.xcassets */; };
		6686A40624C0F2EC00C2007E /* LaunchScreen.storyboard in Resources */ = {isa = PBXBuildFile; fileRef = 6686A40424C0F2EC00C2007E /* LaunchScreen.storyboard */; };
/* End PBXBuildFile section */

/* Begin PBXFileReference section */
		6686A3F624C0F2EB00C2007E /* Source Control Test.app */ = {isa = PBXFileReference; explicitFileType = wrapper.application; includeInIndex = 0; path = "Source Control Test.app"; sourceTree = BUILT_PRODUCTS_DIR; };
		6686A3F924C0F2EB00C2007E /* AppDelegate.swift */ = {isa = PBXFileReference; lastKnownFileType = sourcecode.swift; path = AppDelegate.swift; sourceTree = "<group>"; };
		6686A3FB24C0F2EB00C2007E /* SceneDelegate.swift */ = {isa = PBXFileReference; lastKnownFileType = sourcecode.swift; path = SceneDelegate.swift; sourceTree = "<group>"; };
		6686A3FD24C0F2EB00C2007E /* ViewController.swift */ = {isa = PBXFileReference; lastKnownFileType = sourcecode.swift; path = ViewController.swift; sourceTree = "<group>"; };
		6686A40024C0F2EB00C2007E /* Base */ = {isa = PBXFileReference; lastKnownFileType = file.storyboard; name = Base; path = Base.lproj/Main.storyboard; sourceTree = "<group>"; };
		6686A40224C0F2EC00C2007E /* Assets.xcassets */ = {isa = PBXFileReference; lastKnownFileType = folder.assetcatalog; path = Assets.xcassets; sourceTree = "<group>"; };
		6686A40524C0F2EC00C2007E /* Base */ = {isa = PBXFileReference; lastKnownFileType = file.storyboard; name = Base; path = Base.lproj/LaunchScreen.storyboard; sourceTree = "<group>"; };
		6686A40724C0F2EC00C2007E /* Info.plist */ = {isa = PBXFileReference; lastKnownFileType = text.plist.xml; path = Info.plist; sourceTree = "<group>"; };
/* End PBXFileReference section */

/* Begin PBXFrameworksBuildPhase section */
		6686A3F324C0F2EB00C2007E /* Frameworks */ = {
			isa = PBXFrameworksBuildPhase;
			buildActionMask = 2147483647;
			files = (
			);
			runOnlyForDeploymentPostprocessing = 0;
		};
/* End PBXFrameworksBuildPhase section */

/* Begin PBXGroup section */
		6686A3ED24C0F2EB00C2007E = {
			isa = PBXGroup;
			children = (
				6686A3F824C0F2EB00C2007E /* Source Control Test */,
				6686A3F724C0F2EB00C2007E /* Products */,
			);
			sourceTree = "<group>";
		};
		6686A3F724C0F2EB00C2007E /* Products */ = {
			isa = PBXGroup;
			children = (
				6686A3F624C0F2EB00C2007E /* Source Control Test.app */,
			);
			name = Products;
			sourceTree = "<group>";
		};
		6686A3F824C0F2EB00C2007E /* Source Control Test */ = {
			isa = PBXGroup;
			children = (
				6686A3F924C0F2EB00C2007E /* AppDelegate.swift */,
				6686A3FB24C0F2EB00C2007E /* SceneDelegate.swift */,
				6686A3FD24C0F2EB00C2007E /* ViewController.swift */,
				6686A3FF24C0F2EB00C2007E /* Main.storyboard */,
				6686A40224C0F2EC00C2007E /* Assets.xcassets */,
				6686A40424C0F2EC00C2007E /* LaunchScreen.storyboard */,
				6686A40724C0F2EC00C2007E /* Info.plist */,
			);
			path = "Source Control Test";
			sourceTree = "<group>";
		};
/* End PBXGroup section */

/* Begin PBXNativeTarget section */
		6686A3F524C0F2EB00C2007E /* Source Control Test */ = {
			isa = PBXNativeTarget;
			buildConfigurationList = 6686A40A24C0F2EC00C2007E /* Build configuration list for PBXNativeTarget "Source Control Test" */;
			buildPhases = (
				6686A3F224C0F2EB00C2007E /* Sources */,
				6686A3F324C0F2EB00C2007E /* Frameworks */,
				6686A3F424C0F2EB00C2007E /* Resources */,
			);
			buildRules = (
			);
			dependencies = (
			);
			name = "Source Control Test";
			productName = "Source Control Test";
			productReference = 6686A3F624C0F2EB00C2007E /* Source Control Test.app */;
			productType = "com.apple.product-type.application";
		};
/* End PBXNativeTarget section */

/* Begin PBXProject section */
		6686A3EE24C0F2EB00C2007E /* Project object */ = {
			isa = PBXProject;
			attributes = {
				LastSwiftUpdateCheck = 1160;
				LastUpgradeCheck = 1160;
				ORGANIZATIONNAME = "Jimmy Press Play";
				TargetAttributes = {
					6686A3F524C0F2EB00C2007E = {
						CreatedOnToolsVersion = 11.6;
					};
				};
			};
			buildConfigurationList = 6686A3F124C0F2EB00C2007E /* Build configuration list for PBXProject "Source Control Test" */;
			compatibilityVersion = "Xcode 9.3";
			developmentRegion = en;
			hasScannedForEncodings = 0;
			knownRegions = (
				en,
				Base,
			);
			mainGroup = 6686A3ED24C0F2EB00C2007E;
			productRefGroup = 6686A3F724C0F2EB00C2007E /* Products */;
			projectDirPath = "";
			projectRoot = "";
			targets = (
				6686A3F524C0F2EB00C2007E /* Source Control Test */,
			);
		};
/* End PBXProject section */

/* Begin PBXResourcesBuildPhase section */
		6686A3F424C0F2EB00C2007E /* Resources */ = {
			isa = PBXResourcesBuildPhase;
			buildActionMask = 2147483647;
			files = (
				6686A40624C0F2EC00C2007E /* LaunchScreen.storyboard in Resources */,
				6686A40324C0F2EC00C2007E /* Assets.xcassets in Resources */,
				6686A40124C0F2EB00C2007E /* Main.storyboard in Resources */,
			);
			runOnlyForDeploymentPostprocessing = 0;
		};
/* End PBXResourcesBuildPhase section */

/* Begin PBXSourcesBuildPhase section */
		6686A3F224C0F2EB00C2007E /* Sources */ = {
			isa = PBXSourcesBuildPhase;
			buildActionMask = 2147483647;
			files = (
				6686A3FE24C0F2EB00C2007E /* ViewController.swift in Sources */,
				6686A3FA24C0F2EB00C2007E /* AppDelegate.swift in Sources */,
				6686A3FC24C0F2EB00C2007E /* SceneDelegate.swift in Sources */,
			);
			runOnlyForDeploymentPostprocessing = 0;
		};
/* End PBXSourcesBuildPhase section */

/* Begin PBXVariantGroup section */
		6686A3FF24C0F2EB00C2007E /* Main.storyboard */ = {
			isa = PBXVariantGroup;
			children = (
				6686A40024C0F2EB00C2007E /* Base */,
			);
			name = Main.storyboard;
			sourceTree = "<group>";
		};
		6686A40424C0F2EC00C2007E /* LaunchScreen.storyboard */ = {
			isa = PBXVariantGroup;
			children = (
				6686A40524C0F2EC00C2007E /* Base */,
			);
			name = LaunchScreen.storyboard;
			sourceTree = "<group>";
		};
/* End PBXVariantGroup section */

/* Begin XCBuildConfiguration section */
		6686A40824C0F2EC00C2007E /* Debug */ = {
			isa = XCBuildConfiguration;
			buildSettings = {
				ALWAYS_SEARCH_USER_PATHS = NO;
				CLANG_ANALYZER_NONNULL = YES;
				CLANG_ANALYZER_NUMBER_OBJECT_CONVERSION = YES_AGGRESSIVE;
				CLANG_CXX_LANGUAGE_STANDARD = "gnu++14";
				CLANG_CXX_LIBRARY = "libc++";
				CLANG_ENABLE_MODULES = YES;
				CLANG_ENABLE_OBJC_ARC = YES;
				CLANG_ENABLE_OBJC_WEAK = YES;
				CLANG_WARN_BLOCK_CAPTURE_AUTORELEASING = YES;
				CLANG_WARN_BOOL_CONVERSION = YES;
				CLANG_WARN_COMMA = YES;
				CLANG_WARN_CONSTANT_CONVERSION = YES;
				CLANG_WARN_DEPRECATED_OBJC_IMPLEMENTATIONS = YES;
				CLANG_WARN_DIRECT_OBJC_ISA_USAGE = YES_ERROR;
				CLANG_WARN_DOCUMENTATION_COMMENTS = YES;
				CLANG_WARN_EMPTY_BODY = YES;
				CLANG_WARN_ENUM_CONVERSION = YES;
				CLANG_WARN_INFINITE_RECURSION = YES;
				CLANG_WARN_INT_CONVERSION = YES;
				CLANG_WARN_NON_LITERAL_NULL_CONVERSION = YES;
				CLANG_WARN_OBJC_IMPLICIT_RETAIN_SELF = YES;
				CLANG_WARN_OBJC_LITERAL_CONVERSION = YES;
				CLANG_WARN_OBJC_ROOT_CLASS = YES_ERROR;
				CLANG_WARN_RANGE_LOOP_ANALYSIS = YES;
				CLANG_WARN_STRICT_PROTOTYPES = YES;
				CLANG_WARN_SUSPICIOUS_MOVE = YES;
				CLANG_WARN_UNGUARDED_AVAILABILITY = YES_AGGRESSIVE;
				CLANG_WARN_UNREACHABLE_CODE = YES;
				CLANG_WARN__DUPLICATE_METHOD_MATCH = YES;
				COPY_PHASE_STRIP = NO;
				DEBUG_INFORMATION_FORMAT = dwarf;
				ENABLE_STRICT_OBJC_MSGSEND = YES;
				ENABLE_TESTABILITY = YES;
				GCC_C_LANGUAGE_STANDARD = gnu11;
				GCC_DYNAMIC_NO_PIC = NO;
				GCC_NO_COMMON_BLOCKS = YES;
				GCC_OPTIMIZATION_LEVEL = 0;
				GCC_PREPROCESSOR_DEFINITIONS = (
					"DEBUG=1",
					"$(inherited)",
				);
				GCC_WARN_64_TO_32_BIT_CONVERSION = YES;
				GCC_WARN_ABOUT_RETURN_TYPE = YES_ERROR;
				GCC_WARN_UNDECLARED_SELECTOR = YES;
				GCC_WARN_UNINITIALIZED_AUTOS = YES_AGGRESSIVE;
				GCC_WARN_UNUSED_FUNCTION = YES;
				GCC_WARN_UNUSED_VARIABLE = YES;
				IPHONEOS_DEPLOYMENT_TARGET = 13.6;
				MTL_ENABLE_DEBUG_INFO = INCLUDE_SOURCE;
				MTL_FAST_MATH = YES;
				ONLY_ACTIVE_ARCH = YES;
				SDKROOT = iphoneos;
				SWIFT_ACTIVE_COMPILATION_CONDITIONS = DEBUG;
				SWIFT_OPTIMIZATION_LEVEL = "-Onone";
			};
			name = Debug;
		};
		6686A40924C0F2EC00C2007E /* Release */ = {
			isa = XCBuildConfiguration;
			buildSettings = {
				ALWAYS_SEARCH_USER_PATHS = NO;
				CLANG_ANALYZER_NONNULL = YES;
				CLANG_ANALYZER_NUMBER_OBJECT_CONVERSION = YES_AGGRESSIVE;
				CLANG_CXX_LANGUAGE_STANDARD = "gnu++14";
				CLANG_CXX_LIBRARY = "libc++";
				CLANG_ENABLE_MODULES = YES;
				CLANG_ENABLE_OBJC_ARC = YES;
				CLANG_ENABLE_OBJC_WEAK = YES;
				CLANG_WARN_BLOCK_CAPTURE_AUTORELEASING = YES;
				CLANG_WARN_BOOL_CONVERSION = YES;
				CLANG_WARN_COMMA = YES;
				CLANG_WARN_CONSTANT_CONVERSION = YES;
				CLANG_WARN_DEPRECATED_OBJC_IMPLEMENTATIONS = YES;
				CLANG_WARN_DIRECT_OBJC_ISA_USAGE = YES_ERROR;
				CLANG_WARN_DOCUMENTATION_COMMENTS = YES;
				CLANG_WARN_EMPTY_BODY = YES;
				CLANG_WARN_ENUM_CONVERSION = YES;
				CLANG_WARN_INFINITE_RECURSION = YES;
				CLANG_WARN_INT_CONVERSION = YES;
				CLANG_WARN_NON_LITERAL_NULL_CONVERSION = YES;
				CLANG_WARN_OBJC_IMPLICIT_RETAIN_SELF = YES;
				CLANG_WARN_OBJC_LITERAL_CONVERSION = YES;
				CLANG_WARN_OBJC_ROOT_CLASS = YES_ERROR;
				CLANG_WARN_RANGE_LOOP_ANALYSIS = YES;
				CLANG_WARN_STRICT_PROTOTYPES = YES;
				CLANG_WARN_SUSPICIOUS_MOVE = YES;
				CLANG_WARN_UNGUARDED_AVAILABILITY = YES_AGGRESSIVE;
				CLANG_WARN_UNREACHABLE_CODE = YES;
				CLANG_WARN__DUPLICATE_METHOD_MATCH = YES;
				COPY_PHASE_STRIP = NO;
				DEBUG_INFORMATION_FORMAT = "dwarf-with-dsym";
				ENABLE_NS_ASSERTIONS = NO;
				ENABLE_STRICT_OBJC_MSGSEND = YES;
				GCC_C_LANGUAGE_STANDARD = gnu11;
				GCC_NO_COMMON_BLOCKS = YES;
				GCC_WARN_64_TO_32_BIT_CONVERSION = YES;
				GCC_WARN_ABOUT_RETURN_TYPE = YES_ERROR;
				GCC_WARN_UNDECLARED_SELECTOR = YES;
				GCC_WARN_UNINITIALIZED_AUTOS = YES_AGGRESSIVE;
				GCC_WARN_UNUSED_FUNCTION = YES;
				GCC_WARN_UNUSED_VARIABLE = YES;
				IPHONEOS_DEPLOYMENT_TARGET = 13.6;
				MTL_ENABLE_DEBUG_INFO = NO;
				MTL_FAST_MATH = YES;
				SDKROOT = iphoneos;
				SWIFT_COMPILATION_MODE = wholemodule;
				SWIFT_OPTIMIZATION_LEVEL = "-O";
				VALIDATE_PRODUCT = YES;
			};
			name = Release;
		};
		6686A40B24C0F2EC00C2007E /* Debug */ = {
			isa = XCBuildConfiguration;
			buildSettings = {
				ASSETCATALOG_COMPILER_APPICON_NAME = AppIcon;
				CODE_SIGN_STYLE = Automatic;
				DEVELOPMENT_TEAM = 5299533925;
				INFOPLIST_FILE = "Source Control Test/Info.plist";
				LD_RUNPATH_SEARCH_PATHS = (
					"$(inherited)",
					"@executable_path/Frameworks",
				);
				PRODUCT_BUNDLE_IDENTIFIER = "com.jimmypressplay.Source-Control-Test";
				PRODUCT_NAME = "$(TARGET_NAME)";
				SWIFT_VERSION = 5.0;
				TARGETED_DEVICE_FAMILY = "1,2";
			};
			name = Debug;
		};
		6686A40C24C0F2EC00C2007E /* Release */ = {
			isa = XCBuildConfiguration;
			buildSettings = {
				ASSETCATALOG_COMPILER_APPICON_NAME = AppIcon;
				CODE_SIGN_STYLE = Automatic;
				DEVELOPMENT_TEAM = 5299533925;
				INFOPLIST_FILE = "Source Control Test/Info.plist";
				LD_RUNPATH_SEARCH_PATHS = (
					"$(inherited)",
					"@executable_path/Frameworks",
				);
				PRODUCT_BUNDLE_IDENTIFIER = "com.jimmypressplay.Source-Control-Test";
				PRODUCT_NAME = "$(TARGET_NAME)";
				SWIFT_VERSION = 5.0;
				TARGETED_DEVICE_FAMILY = "1,2";
			};
			name = Release;
		};
/* End XCBuildConfiguration section */

/* Begin XCConfigurationList section */
		6686A3F124C0F2EB00C2007E /* Build configuration list for PBXProject "Source Control Test" */ = {
			isa = XCConfigurationList;
			buildConfigurations = (
				6686A40824C0F2EC00C2007E /* Debug */,
				6686A40924C0F2EC00C2007E /* Release */,
			);
			defaultConfigurationIsVisible = 0;
			defaultConfigurationName = Release;
		};
		6686A40A24C0F2EC00C2007E /* Build configuration list for PBXNativeTarget "Source Control Test" */ = {
			isa = XCConfigurationList;
			buildConfigurations = (
				6686A40B24C0F2EC00C2007E /* Debug */,
				6686A40C24C0F2EC00C2007E /* Release */,
			);
			defaultConfigurationIsVisible = 0;
			defaultConfigurationName = Release;
		};
/* End XCConfigurationList section */
	};
	rootObject = 6686A3EE24C0F2EB00C2007E /* Project object */;
}
